<?xml version="1.0" encoding="UTF-8" standalone="yes" ?>
<CodeBlocks_project_file>
	<FileVersion major="1" minor="6" />
	<Project>
		<Option title="ofxVideoGrabber" />
		<Option pch_mode="2" />
		<Option compiler="gcc" />
		<Option virtualFolders="libs/;src/;libs/openframeworks/;libs/openframeworks/app/;libs/openframeworks/communication/;libs/openframeworks/graphics/;libs/openframeworks/sound/;libs/openframeworks/utils/;libs/openframeworks/video/;libs/openframeworks/events/;src/Libdc1394Grabber/;addons/;addons/ofxThread/;addons/ofxThread/src/;addons/ofxXmlSettings/;addons/ofxXmlSettings/lib/;src/Settings/;src/GUI/;" />
		<Build>
			<Target title="Debug">
				<Option output="bin/ofxVideoGrabber_debug" prefix_auto="1" extension_auto="1" />
				<Option working_dir="bin" />
				<Option object_output="obj/Debug/" />
				<Option type="1" />
				<Option compiler="gcc" />
				<Compiler>
					<Add option="-g" />
					<Add option="-MMD" />
				</Compiler>
			</Target>
			<Target title="Release">
				<Option output="bin/ofxVideoGrabber" prefix_auto="1" extension_auto="1" />
				<Option working_dir="bin" />
				<Option object_output="obj/Release/" />
				<Option type="1" />
				<Option compiler="gcc" />
				<Compiler>
					<Add option="-O3" />
					<Add option="-MMD" />
				</Compiler>
				<Linker>
					<Add option="-s" />
				</Linker>
			</Target>
			<Environment>
				<Variable name="target" value="ofxVideoGrabber" />
				<Variable name="nautilusOnBuild" value="false" />
				<Variable name="runOnBuild" value="false" />
			</Environment>
		</Build>
		<Compiler>
			<Add option="-Wall" />
			<Add option="-fexceptions" />
			<Add directory="../../../addons/" />
			<Add directory="../../../libs/openFrameworks/" />
			<Add directory="../../../libs/openFrameworks/events" />
			<Add directory="../../../libs/openFrameworks/app" />
			<Add directory="../../../libs/openFrameworks/communication" />
			<Add directory="../../../libs/openFrameworks/graphics" />
			<Add directory="../../../libs/openFrameworks/video" />
			<Add directory="../../../libs/openFrameworks/utils" />
			<Add directory="../../../libs/openFrameworks/sound" />
			<Add directory="../../../libs/rtAudio" />
			<Add directory="../../../libs/fmodex/inc" />
			<Add directory="../../../libs/glee/include" />
			<Add directory="../../../libs/glee/" />
			<Add directory="../../../libs/freeimage/Source" />
			<Add directory="../../../libs/FreeImage" />
			<Add directory="../../../libs/alsa/include" />
			<Add directory="../../../libs/alsa/include/alsa" />
			<Add directory="../../../libs/freetype/include" />
			<Add directory="../../../libs/freetype/include/freetype2" />
			<Add directory="../../../libs/unicap/include" />
			<Add directory="../../../libs/gstappsink/include" />
			<Add directory="../../../addons" />
			<Add directory="../../../libs/poco/include" />
			<Add directory="../../../addons/ofxThread/src" />
			<Add directory="src" />
			<Add directory="src/GUI" />
			<Add directory="../../../addons/ofxControlPanel" />
			<Add directory="../../../addons/ofxXmlSettings/src" />
			<Add directory="../../../addons/ofxXmlSettings/libs" />
			<Add directory="libs/linux/include" />
		</Compiler>
		<Linker>
			<Add library="fmodex" />
			<Add library="raw1394" />
			<Add library="glut" />
			<Add library="GL" />
			<Add library="GLU" />
			<Add library="Xxf86vm" />
			<Add library="asound" />
			<Add library="PocoFoundation" />
			<Add library="../../../libs/freetype/lib/libfreetype.a" />
			<Add library="../../../libs/FreeImage/libfreeimage.a" />
			<Add library="../../../libs/rtAudio/libRtAudio.a" />
			<Add library="../../../libs/glee/libGLee.a" />
			<Add library="unicap" />
			<Add library="../../../libs/gstappsink/lib/liboFappsink.a" />
			<Add library="dc1394" />
			<Add directory="../../../libs/fmodex/lib" />
			<Add directory="../../../libs/unicap/lib" />
			<Add directory="../../../libs/poco/lib" />
			<Add directory="libs/linux/lib" />
		</Linker>
		<ExtraCommands>
			<Add after="#      copy libs and shell script to bin directory:" />
			<Add after="cp -r ../../../export/libs $(PROJECT_DIR)bin/" />
			<Add after="cp ../../../export/clickToLaunchApp.sh $(PROJECT_DIR)bin/clickToLaunchApp_$(TARGET_NAME).sh" />
			<Add after="sed -i s/applicationName/$(TARGET_OUTPUT_BASENAME)/g  $(PROJECT_DIR)bin/clickToLaunchApp_$(TARGET_NAME).sh" />
			<Mode after="always" />
		</ExtraCommands>
		<Unit filename="../../../addons/ofxThread/src/ofxThread.cpp">
			<Option virtualFolder="addons/ofxThread/src/" />
		</Unit>
		<Unit filename="../../../addons/ofxThread/src/ofxThread.h">
			<Option virtualFolder="addons/ofxThread/src/" />
		</Unit>
		<Unit filename="../../../addons/ofxXmlSettings/libs/tinyxml.cpp">
			<Option virtualFolder="addons/ofxXmlSettings/lib/" />
		</Unit>
		<Unit filename="../../../addons/ofxXmlSettings/libs/tinyxml.h">
			<Option virtualFolder="addons/ofxXmlSettings/lib/" />
		</Unit>
		<Unit filename="../../../addons/ofxXmlSettings/libs/tinyxmlerror.cpp">
			<Option virtualFolder="addons/ofxXmlSettings/lib/" />
		</Unit>
		<Unit filename="../../../addons/ofxXmlSettings/libs/tinyxmlparser.cpp">
			<Option virtualFolder="addons/ofxXmlSettings/lib/" />
		</Unit>
		<Unit filename="../../../addons/ofxXmlSettings/src/ofxXmlSettings.cpp">
			<Option virtualFolder="addons/ofxXmlSettings/" />
		</Unit>
		<Unit filename="../../../addons/ofxXmlSettings/src/ofxXmlSettings.h">
			<Option virtualFolder="addons/ofxXmlSettings/" />
		</Unit>
		<Unit filename="src/GUI/guiBaseObject.h">
			<Option virtualFolder="src/GUI/" />
		</Unit>
		<Unit filename="src/GUI/guiCallbacks.h">
			<Option virtualFolder="src/GUI/" />
		</Unit>
		<Unit filename="src/GUI/guiColor.h">
			<Option virtualFolder="src/GUI/" />
		</Unit>
		<Unit filename="src/GUI/guiCustomImpl.h">
			<Option virtualFolder="src/GUI/" />
		</Unit>
		<Unit filename="src/GUI/guiIncludes.h">
			<Option virtualFolder="src/GUI/" />
		</Unit>
		<Unit filename="src/GUI/guiTextBase.h">
			<Option virtualFolder="src/GUI/" />
		</Unit>
		<Unit filename="src/GUI/guiType2DSlider.h">
			<Option virtualFolder="src/GUI/" />
		</Unit>
		<Unit filename="src/GUI/guiTypeButtonSlider.h">
			<Option virtualFolder="src/GUI/" />
		</Unit>
		<Unit filename="src/GUI/guiTypeCustom.h">
			<Option virtualFolder="src/GUI/" />
		</Unit>
		<Unit filename="src/GUI/guiTypeDrawable.h">
			<Option virtualFolder="src/GUI/" />
		</Unit>
		<Unit filename="src/GUI/guiTypeMultiToggle.h">
			<Option virtualFolder="src/GUI/" />
		</Unit>
		<Unit filename="src/GUI/guiTypePanel.h">
			<Option virtualFolder="src/GUI/" />
		</Unit>
		<Unit filename="src/GUI/guiTypeSlider.h">
			<Option virtualFolder="src/GUI/" />
		</Unit>
		<Unit filename="src/GUI/guiTypeText.h">
			<Option virtualFolder="src/GUI/" />
		</Unit>
		<Unit filename="src/GUI/guiTypeTextDropDown.h">
			<Option virtualFolder="src/GUI/" />
		</Unit>
		<Unit filename="src/GUI/guiTypeToggle.h">
			<Option virtualFolder="src/GUI/" />
		</Unit>
		<Unit filename="src/GUI/guiValue.h">
			<Option virtualFolder="src/GUI/" />
		</Unit>
		<Unit filename="src/GUI/guiXmlValue.h">
			<Option virtualFolder="src/GUI/" />
		</Unit>
		<Unit filename="src/GUI/ofxControlPanel.cpp">
			<Option virtualFolder="src/GUI/" />
		</Unit>
		<Unit filename="src/GUI/ofxControlPanel.h">
			<Option virtualFolder="src/GUI/" />
		</Unit>
		<Unit filename="src/GUI/simpleColor.h">
			<Option virtualFolder="src/GUI/" />
		</Unit>
		<Unit filename="src/Libdc1394Grabber/Libdc1394Grabber.cpp">
			<Option virtualFolder="src/Libdc1394Grabber/" />
		</Unit>
		<Unit filename="src/Libdc1394Grabber/Libdc1394Grabber.h">
			<Option virtualFolder="src/Libdc1394Grabber/" />
		</Unit>
		<Unit filename="src/Libdc1394Grabber/Libdc1394GrabberFeatureHelper.cpp">
			<Option virtualFolder="src/Libdc1394Grabber/" />
		</Unit>
		<Unit filename="src/Libdc1394Grabber/Libdc1394GrabberFeatureHelper.h">
			<Option virtualFolder="src/Libdc1394Grabber/" />
		</Unit>
		<Unit filename="src/Libdc1394Grabber/Libdc1394GrabberFramerateHelper.cpp">
			<Option virtualFolder="src/Libdc1394Grabber/" />
		</Unit>
		<Unit filename="src/Libdc1394Grabber/Libdc1394GrabberFramerateHelper.h">
			<Option virtualFolder="src/Libdc1394Grabber/" />
		</Unit>
		<Unit filename="src/Libdc1394Grabber/Libdc1394GrabberUtils.cpp">
			<Option virtualFolder="src/Libdc1394Grabber/" />
		</Unit>
		<Unit filename="src/Libdc1394Grabber/Libdc1394GrabberUtils.h">
			<Option virtualFolder="src/Libdc1394Grabber/" />
		</Unit>
		<Unit filename="src/Libdc1394Grabber/Libdc1394GrabberVideoFormatHelper.cpp">
			<Option virtualFolder="src/Libdc1394Grabber/" />
		</Unit>
		<Unit filename="src/Libdc1394Grabber/Libdc1394GrabberVideoFormatHelper.h">
			<Option virtualFolder="src/Libdc1394Grabber/" />
		</Unit>
		<Unit filename="src/main.cpp">
			<Option virtualFolder="src/" />
		</Unit>
		<Unit filename="src/ofxIIDCSettings.cpp">
			<Option virtualFolder="src/Settings/" />
		</Unit>
		<Unit filename="src/ofxIIDCSettings.h">
			<Option virtualFolder="src/Settings/" />
		</Unit>
		<Unit filename="src/ofxVideoGrabber.cpp">
			<Option virtualFolder="src/" />
		</Unit>
		<Unit filename="src/ofxVideoGrabber.h">
			<Option virtualFolder="src/" />
		</Unit>
		<Unit filename="src/ofxVideoGrabberFeature.cpp">
			<Option virtualFolder="src/Settings/" />
		</Unit>
		<Unit filename="src/ofxVideoGrabberFeature.h">
			<Option virtualFolder="src/Settings/" />
		</Unit>
		<Unit filename="src/ofxVideoGrabberSDK.h">
			<Option virtualFolder="src/" />
		</Unit>
		<Unit filename="src/ofxVideoGrabberSettings.cpp">
			<Option virtualFolder="src/Settings/" />
		</Unit>
		<Unit filename="src/ofxVideoGrabberSettings.h">
			<Option virtualFolder="src/Settings/" />
		</Unit>
		<Unit filename="src/testApp.cpp">
			<Option virtualFolder="src/" />
		</Unit>
		<Unit filename="src/testApp.h">
			<Option virtualFolder="src/" />
		</Unit>
		<Unit filename="../../../libs/openFrameworks/app/ofAppBaseWindow.h">
			<Option virtualFolder="libs/openframeworks/app/" />
		</Unit>
		<Unit filename="../../../libs/openFrameworks/app/ofAppGlutWindow.cpp">
			<Option virtualFolder="libs/openframeworks/app/" />
		</Unit>
		<Unit filename="../../../libs/openFrameworks/app/ofAppGlutWindow.h">
			<Option virtualFolder="libs/openframeworks/app/" />
		</Unit>
		<Unit filename="../../../libs/openFrameworks/app/ofAppRunner.cpp">
			<Option virtualFolder="libs/openframeworks/app/" />
		</Unit>
		<Unit filename="../../../libs/openFrameworks/app/ofAppRunner.h">
			<Option virtualFolder="libs/openframeworks/app/" />
		</Unit>
		<Unit filename="../../../libs/openFrameworks/app/ofBaseApp.h">
			<Option virtualFolder="libs/openframeworks/app/" />
		</Unit>
		<Unit filename="../../../libs/openFrameworks/communication/ofArduino.cpp">
			<Option virtualFolder="libs/openframeworks/communication/" />
		</Unit>
		<Unit filename="../../../libs/openFrameworks/communication/ofArduino.h">
			<Option virtualFolder="libs/openframeworks/communication/" />
		</Unit>
		<Unit filename="../../../libs/openFrameworks/communication/ofSerial.cpp">
			<Option virtualFolder="libs/openframeworks/communication/" />
		</Unit>
		<Unit filename="../../../libs/openFrameworks/communication/ofSerial.h">
			<Option virtualFolder="libs/openframeworks/communication/" />
		</Unit>
		<Unit filename="../../../libs/openFrameworks/communication/ofStandardFirmata.cpp">
			<Option virtualFolder="libs/openframeworks/communication/" />
		</Unit>
		<Unit filename="../../../libs/openFrameworks/communication/ofStandardFirmata.h">
			<Option virtualFolder="libs/openframeworks/communication/" />
		</Unit>
		<Unit filename="../../../libs/openFrameworks/events/ofEventUtils.h">
			<Option virtualFolder="libs/openframeworks/events/" />
		</Unit>
		<Unit filename="../../../libs/openFrameworks/events/ofEvents.h">
			<Option virtualFolder="libs/openframeworks/events/" />
		</Unit>
		<Unit filename="../../../libs/openFrameworks/graphics/ofBitmapFont.cpp">
			<Option virtualFolder="libs/openframeworks/graphics/" />
		</Unit>
		<Unit filename="../../../libs/openFrameworks/graphics/ofBitmapFont.h">
			<Option virtualFolder="libs/openframeworks/graphics/" />
		</Unit>
		<Unit filename="../../../libs/openFrameworks/graphics/ofGraphics.cpp">
			<Option virtualFolder="libs/openframeworks/graphics/" />
		</Unit>
		<Unit filename="../../../libs/openFrameworks/graphics/ofGraphics.h">
			<Option virtualFolder="libs/openframeworks/graphics/" />
		</Unit>
		<Unit filename="../../../libs/openFrameworks/graphics/ofImage.cpp">
			<Option virtualFolder="libs/openframeworks/graphics/" />
		</Unit>
		<Unit filename="../../../libs/openFrameworks/graphics/ofImage.h">
			<Option virtualFolder="libs/openframeworks/graphics/" />
		</Unit>
		<Unit filename="../../../libs/openFrameworks/graphics/ofTexture.cpp">
			<Option virtualFolder="libs/openframeworks/graphics/" />
		</Unit>
		<Unit filename="../../../libs/openFrameworks/graphics/ofTexture.h">
			<Option virtualFolder="libs/openframeworks/graphics/" />
		</Unit>
		<Unit filename="../../../libs/openFrameworks/graphics/ofTrueTypeFont.cpp">
			<Option virtualFolder="libs/openframeworks/graphics/" />
		</Unit>
		<Unit filename="../../../libs/openFrameworks/graphics/ofTrueTypeFont.h">
			<Option virtualFolder="libs/openframeworks/graphics/" />
		</Unit>
		<Unit filename="../../../libs/openFrameworks/ofMain.h">
			<Option virtualFolder="libs/openframeworks/" />
		</Unit>
		<Unit filename="../../../libs/openFrameworks/sound/ofSoundPlayer.cpp">
			<Option virtualFolder="libs/openframeworks/sound/" />
		</Unit>
		<Unit filename="../../../libs/openFrameworks/sound/ofSoundPlayer.h">
			<Option virtualFolder="libs/openframeworks/sound/" />
		</Unit>
		<Unit filename="../../../libs/openFrameworks/sound/ofSoundStream.cpp">
			<Option virtualFolder="libs/openframeworks/sound/" />
		</Unit>
		<Unit filename="../../../libs/openFrameworks/sound/ofSoundStream.h">
			<Option virtualFolder="libs/openframeworks/sound/" />
		</Unit>
		<Unit filename="../../../libs/openFrameworks/utils/ofConstants.h">
			<Option virtualFolder="libs/openframeworks/utils/" />
		</Unit>
		<Unit filename="../../../libs/openFrameworks/utils/ofMath.cpp">
			<Option virtualFolder="libs/openframeworks/utils/" />
		</Unit>
		<Unit filename="../../../libs/openFrameworks/utils/ofMath.h">
			<Option virtualFolder="libs/openframeworks/utils/" />
		</Unit>
		<Unit filename="../../../libs/openFrameworks/utils/ofTypes.h">
			<Option virtualFolder="libs/openframeworks/utils/" />
		</Unit>
		<Unit filename="../../../libs/openFrameworks/utils/ofUtils.cpp">
			<Option virtualFolder="libs/openframeworks/utils/" />
		</Unit>
		<Unit filename="../../../libs/openFrameworks/utils/ofUtils.h">
			<Option virtualFolder="libs/openframeworks/utils/" />
		</Unit>
		<Unit filename="../../../libs/openFrameworks/video/ofUCUtils.cpp">
			<Option virtualFolder="libs/openframeworks/video/" />
		</Unit>
		<Unit filename="../../../libs/openFrameworks/video/ofUCUtils.h">
			<Option virtualFolder="libs/openframeworks/video/" />
		</Unit>
		<Unit filename="../../../libs/openFrameworks/video/ofVideoGrabber.cpp">
			<Option virtualFolder="libs/openframeworks/video/" />
		</Unit>
		<Unit filename="../../../libs/openFrameworks/video/ofVideoGrabber.h">
			<Option virtualFolder="libs/openframeworks/video/" />
		</Unit>
		<Unit filename="../../../libs/openFrameworks/video/ofVideoPlayer.cpp">
			<Option virtualFolder="libs/openframeworks/video/" />
		</Unit>
		<Unit filename="../../../libs/openFrameworks/video/ofVideoPlayer.h">
			<Option virtualFolder="libs/openframeworks/video/" />
		</Unit>
		<Extensions>
			<lib_finder>
				<lib name="gstreamer-0.10" />
				<lib name="gstreamer-video-0.10" />
				<lib name="gstreamer-base-0.10" />
				<lib name="libavcodec" />
				<lib name="libavformat" />
				<lib name="libavutil" />
				<lib name="libswscale" />
			</lib_finder>
			<code_completion />
			<envvars />
			<debugger />
		</Extensions>
	</Project>
</CodeBlocks_project_file>
